
Microsoft Visual Studio Solution File, Format Version 12.00
# Visual Studio 14
VisualStudioVersion = 14.0.25123.0
MinimumVisualStudioVersion = 10.0.40219.1
Project("{FAE04EC0-301F-11D3-BF4B-00C04F79EFBC}") = "NDataLayer", "NDataLayer\NDataLayer.csproj", "{257C85FD-C17F-43F9-96A7-67B17382A50B}"
EndProject
Project("{FAE04EC0-301F-11D3-BF4B-00C04F79EFBC}") = "NDataLayer.Tests", "NDataLayer.Tests\NDataLayer.Tests.csproj", "{E24AE6D8-F9ED-4603-A3E8-6431466BB480}"
EndProject
Project("{FAE04EC0-301F-11D3-BF4B-00C04F79EFBC}") = "NDataLayer.Web", "NDataLayer.Web\NDataLayer.Web.csproj", "{112AC5CC-BF25-4550-A152-4B7A753A05F1}"
EndProject
Global
	GlobalSection(SolutionConfigurationPlatforms) = preSolution
		Debug|Any CPU = Debug|Any CPU
		Release|Any CPU = Release|Any CPU
	EndGlobalSection
	GlobalSection(ProjectConfigurationPlatforms) = postSolution
		{257C85FD-C17F-43F9-96A7-67B17382A50B}.Debug|Any CPU.ActiveCfg = Debug|Any CPU
		{257C85FD-C17F-43F9-96A7-67B17382A50B}.Debug|Any CPU.Build.0 = Debug|Any CPU
		{257C85FD-C17F-43F9-96A7-67B17382A50B}.Release|Any CPU.ActiveCfg = Release|Any CPU
		{257C85FD-C17F-43F9-96A7-67B17382A50B}.Release|Any CPU.Build.0 = Release|Any CPU
		{E24AE6D8-F9ED-4603-A3E8-6431466BB480}.Debug|Any CPU.ActiveCfg = Debug|Any CPU
		{E24AE6D8-F9ED-4603-A3E8-6431466BB480}.Debug|Any CPU.Build.0 = Debug|Any CPU
		{E24AE6D8-F9ED-4603-A3E8-6431466BB480}.Release|Any CPU.ActiveCfg = Release|Any CPU
		{E24AE6D8-F9ED-4603-A3E8-6431466BB480}.Release|Any CPU.Build.0 = Release|Any CPU
		{112AC5CC-BF25-4550-A152-4B7A753A05F1}.Debug|Any CPU.ActiveCfg = Debug|Any CPU
		{112AC5CC-BF25-4550-A152-4B7A753A05F1}.Debug|Any CPU.Build.0 = Debug|Any CPU
		{112AC5CC-BF25-4550-A152-4B7A753A05F1}.Release|Any CPU.ActiveCfg = Release|Any CPU
		{112AC5CC-BF25-4550-A152-4B7A753A05F1}.Release|Any CPU.Build.0 = Release|Any CPU
	EndGlobalSection
	GlobalSection(SolutionProperties) = preSolution
		HideSolutionNode = FALSE
	EndGlobalSection
EndGlobal
